
Microsoft Visual Studio Solution File, Format Version 10.00
# Visual Studio 2008
Project("{FAE04EC0-301F-11D3-BF4B-00C04F79EFBC}") = "Gbe.Engine", "Gbe.Engine\Gbe.Engine.csproj", "{448FFA1C-E9F7-4549-B7A0-6AE213E3694E}"
EndProject
Project("{FAE04EC0-301F-11D3-BF4B-00C04F79EFBC}") = "Gbe.Viewer", "Gbe.Viewer\Gbe.Viewer.csproj", "{3B4F332F-DB03-4681-9779-5234AACE0E83}"
EndProject
Project("{FAE04EC0-301F-11D3-BF4B-00C04F79EFBC}") = "Gbe.Script", "Gbe.Script\Gbe.Script.csproj", "{B34C7452-4406-493E-BEAF-E7315175D63A}"
EndProject
Global
	GlobalSection(SolutionConfigurationPlatforms) = preSolution
		Debug|Any CPU = Debug|Any CPU
		Release|Any CPU = Release|Any CPU
	EndGlobalSection
	GlobalSection(ProjectConfigurationPlatforms) = postSolution
		{448FFA1C-E9F7-4549-B7A0-6AE213E3694E}.Debug|Any CPU.ActiveCfg = Debug|Any CPU
		{448FFA1C-E9F7-4549-B7A0-6AE213E3694E}.Debug|Any CPU.Build.0 = Debug|Any CPU
		{448FFA1C-E9F7-4549-B7A0-6AE213E3694E}.Release|Any CPU.ActiveCfg = Release|Any CPU
		{448FFA1C-E9F7-4549-B7A0-6AE213E3694E}.Release|Any CPU.Build.0 = Release|Any CPU
		{3B4F332F-DB03-4681-9779-5234AACE0E83}.Debug|Any CPU.ActiveCfg = Debug|Any CPU
		{3B4F332F-DB03-4681-9779-5234AACE0E83}.Debug|Any CPU.Build.0 = Debug|Any CPU
		{3B4F332F-DB03-4681-9779-5234AACE0E83}.Release|Any CPU.ActiveCfg = Release|Any CPU
		{3B4F332F-DB03-4681-9779-5234AACE0E83}.Release|Any CPU.Build.0 = Release|Any CPU
		{B34C7452-4406-493E-BEAF-E7315175D63A}.Debug|Any CPU.ActiveCfg = Debug|Any CPU
		{B34C7452-4406-493E-BEAF-E7315175D63A}.Debug|Any CPU.Build.0 = Debug|Any CPU
		{B34C7452-4406-493E-BEAF-E7315175D63A}.Release|Any CPU.ActiveCfg = Release|Any CPU
		{B34C7452-4406-493E-BEAF-E7315175D63A}.Release|Any CPU.Build.0 = Release|Any CPU
	EndGlobalSection
	GlobalSection(SolutionProperties) = preSolution
		HideSolutionNode = FALSE
	EndGlobalSection
EndGlobal
